// !$*UTF8*$!
{
	archiveVersion = 1;
	classes = {
	};
	objectVersion = 56;
	objects = {

/* Begin PBXBuildFile section */
		3C7640E72C074D3D000D987B /* Bad_UX_FormsApp.swift in Sources */ = {isa = PBXBuildFile; fileRef = 3C7640E62C074D3D000D987B /* Bad_UX_FormsApp.swift */; };
		3C7640E92C074D3D000D987B /* ContentView.swift in Sources */ = {isa = PBXBuildFile; fileRef = 3C7640E82C074D3D000D987B /* ContentView.swift */; };
		3C7640EB2C074D3E000D987B /* Assets.xcassets in Resources */ = {isa = PBXBuildFile; fileRef = 3C7640EA2C074D3E000D987B /* Assets.xcassets */; };
		3C7640EE2C074D3E000D987B /* Preview Assets.xcassets in Resources */ = {isa = PBXBuildFile; fileRef = 3C7640ED2C074D3E000D987B /* Preview Assets.xcassets */; };
		3C7640FA2C0751AF000D987B /* HeaderView.swift in Sources */ = {isa = PBXBuildFile; fileRef = 3C7640F92C0751AF000D987B /* HeaderView.swift */; };
		3C7640FC2C07525E000D987B /* PhoneNumberPickerView.swift in Sources */ = {isa = PBXBuildFile; fileRef = 3C7640FB2C07525E000D987B /* PhoneNumberPickerView.swift */; };
		3C7640FF2C0752DC000D987B /* ConfirmButton.swift in Sources */ = {isa = PBXBuildFile; fileRef = 3C7640FE2C0752DC000D987B /* ConfirmButton.swift */; };
		3C7641012C075415000D987B /* BaseButton.swift in Sources */ = {isa = PBXBuildFile; fileRef = 3C7641002C075415000D987B /* BaseButton.swift */; };
		3C7641032C07547F000D987B /* ResetButton.swift in Sources */ = {isa = PBXBuildFile; fileRef = 3C7641022C07547F000D987B /* ResetButton.swift */; };
		3C7641052C075F0F000D987B /* InputBlock.swift in Sources */ = {isa = PBXBuildFile; fileRef = 3C7641042C075F0F000D987B /* InputBlock.swift */; };
		3C7641072C075FC1000D987B /* PhoneNumberStepperView.swift in Sources */ = {isa = PBXBuildFile; fileRef = 3C7641062C075FC1000D987B /* PhoneNumberStepperView.swift */; };
		3C76410B2C078E61000D987B /* FooterView.swift in Sources */ = {isa = PBXBuildFile; fileRef = 3C76410A2C078E61000D987B /* FooterView.swift */; };
/* End PBXBuildFile section */

/* Begin PBXFileReference section */
		3C7640E32C074D3D000D987B /* Bad UX Forms.app */ = {isa = PBXFileReference; explicitFileType = wrapper.application; includeInIndex = 0; path = "Bad UX Forms.app"; sourceTree = BUILT_PRODUCTS_DIR; };
		3C7640E62C074D3D000D987B /* Bad_UX_FormsApp.swift */ = {isa = PBXFileReference; lastKnownFileType = sourcecode.swift; path = Bad_UX_FormsApp.swift; sourceTree = "<group>"; };
		3C7640E82C074D3D000D987B /* ContentView.swift */ = {isa = PBXFileReference; lastKnownFileType = sourcecode.swift; path = ContentView.swift; sourceTree = "<group>"; };
		3C7640EA2C074D3E000D987B /* Assets.xcassets */ = {isa = PBXFileReference; lastKnownFileType = folder.assetcatalog; path = Assets.xcassets; sourceTree = "<group>"; };
		3C7640ED2C074D3E000D987B /* Preview Assets.xcassets */ = {isa = PBXFileReference; lastKnownFileType = folder.assetcatalog; path = "Preview Assets.xcassets"; sourceTree = "<group>"; };
		3C7640F92C0751AF000D987B /* HeaderView.swift */ = {isa = PBXFileReference; lastKnownFileType = sourcecode.swift; path = HeaderView.swift; sourceTree = "<group>"; };
		3C7640FB2C07525E000D987B /* PhoneNumberPickerView.swift */ = {isa = PBXFileReference; lastKnownFileType = sourcecode.swift; path = PhoneNumberPickerView.swift; sourceTree = "<group>"; };
		3C7640FE2C0752DC000D987B /* ConfirmButton.swift */ = {isa = PBXFileReference; lastKnownFileType = sourcecode.swift; path = ConfirmButton.swift; sourceTree = "<group>"; };
		3C7641002C075415000D987B /* BaseButton.swift */ = {isa = PBXFileReference; lastKnownFileType = sourcecode.swift; path = BaseButton.swift; sourceTree = "<group>"; };
		3C7641022C07547F000D987B /* ResetButton.swift */ = {isa = PBXFileReference; lastKnownFileType = sourcecode.swift; path = ResetButton.swift; sourceTree = "<group>"; };
		3C7641042C075F0F000D987B /* InputBlock.swift */ = {isa = PBXFileReference; lastKnownFileType = sourcecode.swift; path = InputBlock.swift; sourceTree = "<group>"; };
		3C7641062C075FC1000D987B /* PhoneNumberStepperView.swift */ = {isa = PBXFileReference; lastKnownFileType = sourcecode.swift; path = PhoneNumberStepperView.swift; sourceTree = "<group>"; };
		3C76410A2C078E61000D987B /* FooterView.swift */ = {isa = PBXFileReference; lastKnownFileType = sourcecode.swift; path = FooterView.swift; sourceTree = "<group>"; };
/* End PBXFileReference section */

/* Begin PBXFrameworksBuildPhase section */
		3C7640E02C074D3D000D987B /* Frameworks */ = {
			isa = PBXFrameworksBuildPhase;
			buildActionMask = 2147483647;
			files = (
			);
			runOnlyForDeploymentPostprocessing = 0;
		};
/* End PBXFrameworksBuildPhase section */

/* Begin PBXGroup section */
		3C7640DA2C074D3D000D987B = {
			isa = PBXGroup;
			children = (
				3C7640E52C074D3D000D987B /* Bad UX Forms */,
				3C7640E42C074D3D000D987B /* Products */,
			);
			sourceTree = "<group>";
		};
		3C7640E42C074D3D000D987B /* Products */ = {
			isa = PBXGroup;
			children = (
				3C7640E32C074D3D000D987B /* Bad UX Forms.app */,
			);
			name = Products;
			sourceTree = "<group>";
		};
		3C7640E52C074D3D000D987B /* Bad UX Forms */ = {
			isa = PBXGroup;
			children = (
				3C7640F42C075031000D987B /* App */,
				3C7640EC2C074D3E000D987B /* Preview Content */,
				3C7640F52C075033000D987B /* Resources */,
				3C7640F62C07503E000D987B /* Views */,
			);
			path = "Bad UX Forms";
			sourceTree = "<group>";
		};
		3C7640EC2C074D3E000D987B /* Preview Content */ = {
			isa = PBXGroup;
			children = (
				3C7640ED2C074D3E000D987B /* Preview Assets.xcassets */,
			);
			path = "Preview Content";
			sourceTree = "<group>";
		};
		3C7640F42C075031000D987B /* App */ = {
			isa = PBXGroup;
			children = (
				3C7640E62C074D3D000D987B /* Bad_UX_FormsApp.swift */,
			);
			path = App;
			sourceTree = "<group>";
		};
		3C7640F52C075033000D987B /* Resources */ = {
			isa = PBXGroup;
			children = (
				3C7640EA2C074D3E000D987B /* Assets.xcassets */,
			);
			path = Resources;
			sourceTree = "<group>";
		};
		3C7640F62C07503E000D987B /* Views */ = {
			isa = PBXGroup;
			children = (
				3C7640E82C074D3D000D987B /* ContentView.swift */,
				3C7640F72C07504A000D987B /* Components */,
			);
			path = Views;
			sourceTree = "<group>";
		};
		3C7640F72C07504A000D987B /* Components */ = {
			isa = PBXGroup;
			children = (
				3C7640F92C0751AF000D987B /* HeaderView.swift */,
				3C76410A2C078E61000D987B /* FooterView.swift */,
				3C7641042C075F0F000D987B /* InputBlock.swift */,
				3C7640FD2C0752C8000D987B /* Buttons */,
				3C7640F82C075115000D987B /* Inputs */,
			);
			path = Components;
			sourceTree = "<group>";
		};
		3C7640F82C075115000D987B /* Inputs */ = {
			isa = PBXGroup;
			children = (
				3C7641082C075FC3000D987B /* Picker */,
				3C7641092C075FC6000D987B /* Stepper */,
			);
			path = Inputs;
			sourceTree = "<group>";
		};
		3C7640FD2C0752C8000D987B /* Buttons */ = {
			isa = PBXGroup;
			children = (
				3C7640FE2C0752DC000D987B /* ConfirmButton.swift */,
				3C7641022C07547F000D987B /* ResetButton.swift */,
				3C7641002C075415000D987B /* BaseButton.swift */,
			);
			path = Buttons;
			sourceTree = "<group>";
		};
		3C7641082C075FC3000D987B /* Picker */ = {
			isa = PBXGroup;
			children = (
				3C7640FB2C07525E000D987B /* PhoneNumberPickerView.swift */,
			);
			path = Picker;
			sourceTree = "<group>";
		};
		3C7641092C075FC6000D987B /* Stepper */ = {
			isa = PBXGroup;
			children = (
				3C7641062C075FC1000D987B /* PhoneNumberStepperView.swift */,
			);
			path = Stepper;
			sourceTree = "<group>";
		};
/* End PBXGroup section */

/* Begin PBXNativeTarget section */
		3C7640E22C074D3D000D987B /* Bad UX Forms */ = {
			isa = PBXNativeTarget;
			buildConfigurationList = 3C7640F12C074D3E000D987B /* Build configuration list for PBXNativeTarget "Bad UX Forms" */;
			buildPhases = (
				3C7640DF2C074D3D000D987B /* Sources */,
				3C7640E02C074D3D000D987B /* Frameworks */,
				3C7640E12C074D3D000D987B /* Resources */,
			);
			buildRules = (
			);
			dependencies = (
			);
			name = "Bad UX Forms";
			productName = "Bad UX Forms";
			productReference = 3C7640E32C074D3D000D987B /* Bad UX Forms.app */;
			productType = "com.apple.product-type.application";
		};
/* End PBXNativeTarget section */

/* Begin PBXProject section */
		3C7640DB2C074D3D000D987B /* Project object */ = {
			isa = PBXProject;
			attributes = {
				BuildIndependentTargetsInParallel = 1;
				LastSwiftUpdateCheck = 1540;
				LastUpgradeCheck = 1540;
				TargetAttributes = {
					3C7640E22C074D3D000D987B = {
						CreatedOnToolsVersion = 15.4;
					};
				};
			};
			buildConfigurationList = 3C7640DE2C074D3D000D987B /* Build configuration list for PBXProject "Bad UX Forms" */;
			compatibilityVersion = "Xcode 14.0";
			developmentRegion = en;
			hasScannedForEncodings = 0;
			knownRegions = (
				en,
				Base,
			);
			mainGroup = 3C7640DA2C074D3D000D987B;
			productRefGroup = 3C7640E42C074D3D000D987B /* Products */;
			projectDirPath = "";
			projectRoot = "";
			targets = (
				3C7640E22C074D3D000D987B /* Bad UX Forms */,
			);
		};
/* End PBXProject section */

/* Begin PBXResourcesBuildPhase section */
		3C7640E12C074D3D000D987B /* Resources */ = {
			isa = PBXResourcesBuildPhase;
			buildActionMask = 2147483647;
			files = (
				3C7640EE2C074D3E000D987B /* Preview Assets.xcassets in Resources */,
				3C7640EB2C074D3E000D987B /* Assets.xcassets in Resources */,
			);
			runOnlyForDeploymentPostprocessing = 0;
		};
/* End PBXResourcesBuildPhase section */

/* Begin PBXSourcesBuildPhase section */
		3C7640DF2C074D3D000D987B /* Sources */ = {
			isa = PBXSourcesBuildPhase;
			buildActionMask = 2147483647;
			files = (
				3C7640E92C074D3D000D987B /* ContentView.swift in Sources */,
				3C7640FA2C0751AF000D987B /* HeaderView.swift in Sources */,
				3C7640FC2C07525E000D987B /* PhoneNumberPickerView.swift in Sources */,
				3C76410B2C078E61000D987B /* FooterView.swift in Sources */,
				3C7640FF2C0752DC000D987B /* ConfirmButton.swift in Sources */,
				3C7641032C07547F000D987B /* ResetButton.swift in Sources */,
				3C7641012C075415000D987B /* BaseButton.swift in Sources */,
				3C7641052C075F0F000D987B /* InputBlock.swift in Sources */,
				3C7641072C075FC1000D987B /* PhoneNumberStepperView.swift in Sources */,
				3C7640E72C074D3D000D987B /* Bad_UX_FormsApp.swift in Sources */,
			);
			runOnlyForDeploymentPostprocessing = 0;
		};
/* End PBXSourcesBuildPhase section */

/* Begin XCBuildConfiguration section */
		3C7640EF2C074D3E000D987B /* Debug */ = {
			isa = XCBuildConfiguration;
			buildSettings = {
				ALWAYS_SEARCH_USER_PATHS = NO;
				ASSETCATALOG_COMPILER_GENERATE_SWIFT_ASSET_SYMBOL_EXTENSIONS = YES;
				CLANG_ANALYZER_NONNULL = YES;
				CLANG_ANALYZER_NUMBER_OBJECT_CONVERSION = YES_AGGRESSIVE;
				CLANG_CXX_LANGUAGE_STANDARD = "gnu++20";
				CLANG_ENABLE_MODULES = YES;
				CLANG_ENABLE_OBJC_ARC = YES;
				CLANG_ENABLE_OBJC_WEAK = YES;
				CLANG_WARN_BLOCK_CAPTURE_AUTORELEASING = YES;
				CLANG_WARN_BOOL_CONVERSION = YES;
				CLANG_WARN_COMMA = YES;
				CLANG_WARN_CONSTANT_CONVERSION = YES;
				CLANG_WARN_DEPRECATED_OBJC_IMPLEMENTATIONS = YES;
				CLANG_WARN_DIRECT_OBJC_ISA_USAGE = YES_ERROR;
				CLANG_WARN_DOCUMENTATION_COMMENTS = YES;
				CLANG_WARN_EMPTY_BODY = YES;
				CLANG_WARN_ENUM_CONVERSION = YES;
				CLANG_WARN_INFINITE_RECURSION = YES;
				CLANG_WARN_INT_CONVERSION = YES;
				CLANG_WARN_NON_LITERAL_NULL_CONVERSION = YES;
				CLANG_WARN_OBJC_IMPLICIT_RETAIN_SELF = YES;
				CLANG_WARN_OBJC_LITERAL_CONVERSION = YES;
				CLANG_WARN_OBJC_ROOT_CLASS = YES_ERROR;
				CLANG_WARN_QUOTED_INCLUDE_IN_FRAMEWORK_HEADER = YES;
				CLANG_WARN_RANGE_LOOP_ANALYSIS = YES;
				CLANG_WARN_STRICT_PROTOTYPES = YES;
				CLANG_WARN_SUSPICIOUS_MOVE = YES;
				CLANG_WARN_UNGUARDED_AVAILABILITY = YES_AGGRESSIVE;
				CLANG_WARN_UNREACHABLE_CODE = YES;
				CLANG_WARN__DUPLICATE_METHOD_MATCH = YES;
				COPY_PHASE_STRIP = NO;
				DEBUG_INFORMATION_FORMAT = dwarf;
				ENABLE_STRICT_OBJC_MSGSEND = YES;
				ENABLE_TESTABILITY = YES;
				ENABLE_USER_SCRIPT_SANDBOXING = YES;
				GCC_C_LANGUAGE_STANDARD = gnu17;
				GCC_DYNAMIC_NO_PIC = NO;
				GCC_NO_COMMON_BLOCKS = YES;
				GCC_OPTIMIZATION_LEVEL = 0;
				GCC_PREPROCESSOR_DEFINITIONS = (
					"DEBUG=1",
					"$(inherited)",
				);
				GCC_WARN_64_TO_32_BIT_CONVERSION = YES;
				GCC_WARN_ABOUT_RETURN_TYPE = YES_ERROR;
				GCC_WARN_UNDECLARED_SELECTOR = YES;
				GCC_WARN_UNINITIALIZED_AUTOS = YES_AGGRESSIVE;
				GCC_WARN_UNUSED_FUNCTION = YES;
				GCC_WARN_UNUSED_VARIABLE = YES;
				IPHONEOS_DEPLOYMENT_TARGET = 17.5;
				LOCALIZATION_PREFERS_STRING_CATALOGS = YES;
				MTL_ENABLE_DEBUG_INFO = INCLUDE_SOURCE;
				MTL_FAST_MATH = YES;
				ONLY_ACTIVE_ARCH = YES;
				SDKROOT = iphoneos;
				SWIFT_ACTIVE_COMPILATION_CONDITIONS = "DEBUG $(inherited)";
				SWIFT_OPTIMIZATION_LEVEL = "-Onone";
			};
			name = Debug;
		};
		3C7640F02C074D3E000D987B /* Release */ = {
			isa = XCBuildConfiguration;
			buildSettings = {
				ALWAYS_SEARCH_USER_PATHS = NO;
				ASSETCATALOG_COMPILER_GENERATE_SWIFT_ASSET_SYMBOL_EXTENSIONS = YES;
				CLANG_ANALYZER_NONNULL = YES;
				CLANG_ANALYZER_NUMBER_OBJECT_CONVERSION = YES_AGGRESSIVE;
				CLANG_CXX_LANGUAGE_STANDARD = "gnu++20";
				CLANG_ENABLE_MODULES = YES;
				CLANG_ENABLE_OBJC_ARC = YES;
				CLANG_ENABLE_OBJC_WEAK = YES;
				CLANG_WARN_BLOCK_CAPTURE_AUTORELEASING = YES;
				CLANG_WARN_BOOL_CONVERSION = YES;
				CLANG_WARN_COMMA = YES;
				CLANG_WARN_CONSTANT_CONVERSION = YES;
				CLANG_WARN_DEPRECATED_OBJC_IMPLEMENTATIONS = YES;
				CLANG_WARN_DIRECT_OBJC_ISA_USAGE = YES_ERROR;
				CLANG_WARN_DOCUMENTATION_COMMENTS = YES;
				CLANG_WARN_EMPTY_BODY = YES;
				CLANG_WARN_ENUM_CONVERSION = YES;
				CLANG_WARN_INFINITE_RECURSION = YES;
				CLANG_WARN_INT_CONVERSION = YES;
				CLANG_WARN_NON_LITERAL_NULL_CONVERSION = YES;
				CLANG_WARN_OBJC_IMPLICIT_RETAIN_SELF = YES;
				CLANG_WARN_OBJC_LITERAL_CONVERSION = YES;
				CLANG_WARN_OBJC_ROOT_CLASS = YES_ERROR;
				CLANG_WARN_QUOTED_INCLUDE_IN_FRAMEWORK_HEADER = YES;
				CLANG_WARN_RANGE_LOOP_ANALYSIS = YES;
				CLANG_WARN_STRICT_PROTOTYPES = YES;
				CLANG_WARN_SUSPICIOUS_MOVE = YES;
				CLANG_WARN_UNGUARDED_AVAILABILITY = YES_AGGRESSIVE;
				CLANG_WARN_UNREACHABLE_CODE = YES;
				CLANG_WARN__DUPLICATE_METHOD_MATCH = YES;
				COPY_PHASE_STRIP = NO;
				DEBUG_INFORMATION_FORMAT = "dwarf-with-dsym";
				ENABLE_NS_ASSERTIONS = NO;
				ENABLE_STRICT_OBJC_MSGSEND = YES;
				ENABLE_USER_SCRIPT_SANDBOXING = YES;
				GCC_C_LANGUAGE_STANDARD = gnu17;
				GCC_NO_COMMON_BLOCKS = YES;
				GCC_WARN_64_TO_32_BIT_CONVERSION = YES;
				GCC_WARN_ABOUT_RETURN_TYPE = YES_ERROR;
				GCC_WARN_UNDECLARED_SELECTOR = YES;
				GCC_WARN_UNINITIALIZED_AUTOS = YES_AGGRESSIVE;
				GCC_WARN_UNUSED_FUNCTION = YES;
				GCC_WARN_UNUSED_VARIABLE = YES;
				IPHONEOS_DEPLOYMENT_TARGET = 17.5;
				LOCALIZATION_PREFERS_STRING_CATALOGS = YES;
				MTL_ENABLE_DEBUG_INFO = NO;
				MTL_FAST_MATH = YES;
				SDKROOT = iphoneos;
				SWIFT_COMPILATION_MODE = wholemodule;
				VALIDATE_PRODUCT = YES;
			};
			name = Release;
		};
		3C7640F22C074D3E000D987B /* Debug */ = {
			isa = XCBuildConfiguration;
			buildSettings = {
				ASSETCATALOG_COMPILER_APPICON_NAME = AppIcon;
				ASSETCATALOG_COMPILER_GLOBAL_ACCENT_COLOR_NAME = AccentColor;
				CODE_SIGN_STYLE = Automatic;
				CURRENT_PROJECT_VERSION = 1;
				DEVELOPMENT_ASSET_PATHS = "\"Bad UX Forms/Preview Content\"";
				DEVELOPMENT_TEAM = 45LBWLZX6K;
				ENABLE_PREVIEWS = YES;
				GENERATE_INFOPLIST_FILE = YES;
				INFOPLIST_KEY_UIApplicationSceneManifest_Generation = YES;
				INFOPLIST_KEY_UIApplicationSupportsIndirectInputEvents = YES;
				INFOPLIST_KEY_UILaunchScreen_Generation = YES;
				INFOPLIST_KEY_UISupportedInterfaceOrientations_iPad = "UIInterfaceOrientationPortrait UIInterfaceOrientationPortraitUpsideDown UIInterfaceOrientationLandscapeLeft UIInterfaceOrientationLandscapeRight";
				INFOPLIST_KEY_UISupportedInterfaceOrientations_iPhone = "UIInterfaceOrientationPortrait UIInterfaceOrientationLandscapeLeft UIInterfaceOrientationLandscapeRight";
				IPHONEOS_DEPLOYMENT_TARGET = 16.0;
				LD_RUNPATH_SEARCH_PATHS = (
					"$(inherited)",
					"@executable_path/Frameworks",
				);
				MARKETING_VERSION = 1.0;
				PRODUCT_BUNDLE_IDENTIFIER = "com.ian.Bad-UX-Forms";
				PRODUCT_NAME = "$(TARGET_NAME)";
				SWIFT_EMIT_LOC_STRINGS = YES;
				SWIFT_VERSION = 5.0;
				TARGETED_DEVICE_FAMILY = "1,2";
			};
			name = Debug;
		};
		3C7640F32C074D3E000D987B /* Release */ = {
			isa = XCBuildConfiguration;
			buildSettings = {
				ASSETCATALOG_COMPILER_APPICON_NAME = AppIcon;
				ASSETCATALOG_COMPILER_GLOBAL_ACCENT_COLOR_NAME = AccentColor;
				CODE_SIGN_STYLE = Automatic;
				CURRENT_PROJECT_VERSION = 1;
				DEVELOPMENT_ASSET_PATHS = "\"Bad UX Forms/Preview Content\"";
				DEVELOPMENT_TEAM = 45LBWLZX6K;
				ENABLE_PREVIEWS = YES;
				GENERATE_INFOPLIST_FILE = YES;
				INFOPLIST_KEY_UIApplicationSceneManifest_Generation = YES;
				INFOPLIST_KEY_UIApplicationSupportsIndirectInputEvents = YES;
				INFOPLIST_KEY_UILaunchScreen_Generation = YES;
				INFOPLIST_KEY_UISupportedInterfaceOrientations_iPad = "UIInterfaceOrientationPortrait UIInterfaceOrientationPortraitUpsideDown UIInterfaceOrientationLandscapeLeft UIInterfaceOrientationLandscapeRight";
				INFOPLIST_KEY_UISupportedInterfaceOrientations_iPhone = "UIInterfaceOrientationPortrait UIInterfaceOrientationLandscapeLeft UIInterfaceOrientationLandscapeRight";
				IPHONEOS_DEPLOYMENT_TARGET = 16.0;
				LD_RUNPATH_SEARCH_PATHS = (
					"$(inherited)",
					"@executable_path/Frameworks",
				);
				MARKETING_VERSION = 1.0;
				PRODUCT_BUNDLE_IDENTIFIER = "com.ian.Bad-UX-Forms";
				PRODUCT_NAME = "$(TARGET_NAME)";
				SWIFT_EMIT_LOC_STRINGS = YES;
				SWIFT_VERSION = 5.0;
				TARGETED_DEVICE_FAMILY = "1,2";
			};
			name = Release;
		};
/* End XCBuildConfiguration section */

/* Begin XCConfigurationList section */
		3C7640DE2C074D3D000D987B /* Build configuration list for PBXProject "Bad UX Forms" */ = {
			isa = XCConfigurationList;
			buildConfigurations = (
				3C7640EF2C074D3E000D987B /* Debug */,
				3C7640F02C074D3E000D987B /* Release */,
			);
			defaultConfigurationIsVisible = 0;
			defaultConfigurationName = Release;
		};
		3C7640F12C074D3E000D987B /* Build configuration list for PBXNativeTarget "Bad UX Forms" */ = {
			isa = XCConfigurationList;
			buildConfigurations = (
				3C7640F22C074D3E000D987B /* Debug */,
				3C7640F32C074D3E000D987B /* Release */,
			);
			defaultConfigurationIsVisible = 0;
			defaultConfigurationName = Release;
		};
/* End XCConfigurationList section */
	};
	rootObject = 3C7640DB2C074D3D000D987B /* Project object */;
}
